
Microsoft Visual Studio Solution File, Format Version 12.00
# Visual Studio Version 17
VisualStudioVersion = 17.10.34928.147
MinimumVisualStudioVersion = 10.0.40219.1
Project("{CE739FD3-6E35-4DF9-96F2-98CBFD1A83FF}") = "EncryptShellCode", "EncryptShellCode\EncryptShellCode.vcxproj", "{B7A4178C-C046-4F8E-9C16-8E0B3E7B1855}"
EndProject
Global
	GlobalSection(SolutionConfigurationPlatforms) = preSolution
		Debug|x64 = Debug|x64
		Debug|x86 = Debug|x86
		Release|x64 = Release|x64
		Release|x86 = Release|x86
	EndGlobalSection
	GlobalSection(ProjectConfigurationPlatforms) = postSolution
		{B7A4178C-C046-4F8E-9C16-8E0B3E7B1855}.Debug|x64.ActiveCfg = Debug|x64
		{B7A4178C-C046-4F8E-9C16-8E0B3E7B1855}.Debug|x64.Build.0 = Debug|x64
		{B7A4178C-C046-4F8E-9C16-8E0B3E7B1855}.Debug|x86.ActiveCfg = Debug|Win32
		{B7A4178C-C046-4F8E-9C16-8E0B3E7B1855}.Debug|x86.Build.0 = Debug|Win32
		{B7A4178C-C046-4F8E-9C16-8E0B3E7B1855}.Release|x64.ActiveCfg = Release|x64
		{B7A4178C-C046-4F8E-9C16-8E0B3E7B1855}.Release|x64.Build.0 = Release|x64
		{B7A4178C-C046-4F8E-9C16-8E0B3E7B1855}.Release|x86.ActiveCfg = Release|Win32
		{B7A4178C-C046-4F8E-9C16-8E0B3E7B1855}.Release|x86.Build.0 = Release|Win32
	EndGlobalSection
	GlobalSection(SolutionProperties) = preSolution
		HideSolutionNode = FALSE
	EndGlobalSection
	GlobalSection(ExtensibilityGlobals) = postSolution
		SolutionGuid = {EF3EFDA1-A8BB-43D0-A50F-A2E00EC79AFB}
	EndGlobalSection
EndGlobal
